
Microsoft Visual Studio Solution File, Format Version 12.00
# Visual Studio Version 17
VisualStudioVersion = 17.1.32210.238
MinimumVisualStudioVersion = 10.0.40219.1
Project("{8BC9CEB8-8B4A-11D0-8D11-00A0C91BC942}") = "AI-7", "AI-7\AI-7.vcxproj", "{81245ECB-4C87-48C7-879E-525136192C9E}"
EndProject
Global
	GlobalSection(SolutionConfigurationPlatforms) = preSolution
		Debug|x64 = Debug|x64
		Debug|x86 = Debug|x86
		Release|x64 = Release|x64
		Release|x86 = Release|x86
	EndGlobalSection
	GlobalSection(ProjectConfigurationPlatforms) = postSolution
		{81245ECB-4C87-48C7-879E-525136192C9E}.Debug|x64.ActiveCfg = Debug|x64
		{81245ECB-4C87-48C7-879E-525136192C9E}.Debug|x64.Build.0 = Debug|x64
		{81245ECB-4C87-48C7-879E-525136192C9E}.Debug|x86.ActiveCfg = Debug|Win32
		{81245ECB-4C87-48C7-879E-525136192C9E}.Debug|x86.Build.0 = Debug|Win32
		{81245ECB-4C87-48C7-879E-525136192C9E}.Release|x64.ActiveCfg = Release|x64
		{81245ECB-4C87-48C7-879E-525136192C9E}.Release|x64.Build.0 = Release|x64
		{81245ECB-4C87-48C7-879E-525136192C9E}.Release|x86.ActiveCfg = Release|Win32
		{81245ECB-4C87-48C7-879E-525136192C9E}.Release|x86.Build.0 = Release|Win32
	EndGlobalSection
	GlobalSection(SolutionProperties) = preSolution
		HideSolutionNode = FALSE
	EndGlobalSection
	GlobalSection(ExtensibilityGlobals) = postSolution
		SolutionGuid = {6EEB63C2-FF5B-4FA6-9FB2-32947F20BAD6}
	EndGlobalSection
EndGlobal
